
Microsoft Visual Studio Solution File, Format Version 12.00
# Visual Studio Version 16
VisualStudioVersion = 16.0.30804.86
MinimumVisualStudioVersion = 10.0.40219.1
Project("{2150E333-8FDC-42A3-9474-1A3956D46DE8}") = "Src", "Src", "{6F8E4D87-ACEC-4FF7-9AFF-E2ED7BD74677}"
EndProject
Project("{2150E333-8FDC-42A3-9474-1A3956D46DE8}") = "Test", "Test", "{994F8A6F-127B-41FA-A844-C3C84B8EF683}"
EndProject
Project("{9A19103F-16F7-4668-BE54-9A1E7A4F7556}") = "Application", "Application\Application.csproj", "{5034BE98-2BD7-4E17-A81C-39D0DFAB78E9}"
EndProject
Project("{9A19103F-16F7-4668-BE54-9A1E7A4F7556}") = "Infrastructure", "Infrastructure\Infrastructure.csproj", "{D3E5D338-D0F6-401B-BD90-61420A5ABE56}"
EndProject
Project("{9A19103F-16F7-4668-BE54-9A1E7A4F7556}") = "WebMvc", "WebEndpoint\WebMvc.csproj", "{F41F00B1-3BC3-400F-A75B-C8F9DF6BC197}"
EndProject
Project("{9A19103F-16F7-4668-BE54-9A1E7A4F7556}") = "WebAdmin", "AdminEndpoint\WebAdmin.csproj", "{C786AA3E-0E4A-4EE8-A51F-551204C33D00}"
EndProject
Project("{9A19103F-16F7-4668-BE54-9A1E7A4F7556}") = "SharedKernel", "SharedKernel\SharedKernel.csproj", "{C6041D5A-81D7-49C6-9DF5-86E1C99CC08D}"
EndProject
Project("{FAE04EC0-301F-11D3-BF4B-00C04F79EFBC}") = "WebAdmin-Spa", "WebAdmin-Spa\WebAdmin-Spa.csproj", "{336E70DF-A9A5-43E6-B76D-A1B00BA83CBB}"
EndProject
Global
	GlobalSection(SolutionConfigurationPlatforms) = preSolution
		Debug|Any CPU = Debug|Any CPU
		Release|Any CPU = Release|Any CPU
	EndGlobalSection
	GlobalSection(ProjectConfigurationPlatforms) = postSolution
		{5034BE98-2BD7-4E17-A81C-39D0DFAB78E9}.Debug|Any CPU.ActiveCfg = Debug|Any CPU
		{5034BE98-2BD7-4E17-A81C-39D0DFAB78E9}.Debug|Any CPU.Build.0 = Debug|Any CPU
		{5034BE98-2BD7-4E17-A81C-39D0DFAB78E9}.Release|Any CPU.ActiveCfg = Release|Any CPU
		{5034BE98-2BD7-4E17-A81C-39D0DFAB78E9}.Release|Any CPU.Build.0 = Release|Any CPU
		{D3E5D338-D0F6-401B-BD90-61420A5ABE56}.Debug|Any CPU.ActiveCfg = Debug|Any CPU
		{D3E5D338-D0F6-401B-BD90-61420A5ABE56}.Debug|Any CPU.Build.0 = Debug|Any CPU
		{D3E5D338-D0F6-401B-BD90-61420A5ABE56}.Release|Any CPU.ActiveCfg = Release|Any CPU
		{D3E5D338-D0F6-401B-BD90-61420A5ABE56}.Release|Any CPU.Build.0 = Release|Any CPU
		{F41F00B1-3BC3-400F-A75B-C8F9DF6BC197}.Debug|Any CPU.ActiveCfg = Debug|Any CPU
		{F41F00B1-3BC3-400F-A75B-C8F9DF6BC197}.Debug|Any CPU.Build.0 = Debug|Any CPU
		{F41F00B1-3BC3-400F-A75B-C8F9DF6BC197}.Release|Any CPU.ActiveCfg = Release|Any CPU
		{F41F00B1-3BC3-400F-A75B-C8F9DF6BC197}.Release|Any CPU.Build.0 = Release|Any CPU
		{C786AA3E-0E4A-4EE8-A51F-551204C33D00}.Debug|Any CPU.ActiveCfg = Debug|Any CPU
		{C786AA3E-0E4A-4EE8-A51F-551204C33D00}.Debug|Any CPU.Build.0 = Debug|Any CPU
		{C786AA3E-0E4A-4EE8-A51F-551204C33D00}.Release|Any CPU.ActiveCfg = Release|Any CPU
		{C786AA3E-0E4A-4EE8-A51F-551204C33D00}.Release|Any CPU.Build.0 = Release|Any CPU
		{C6041D5A-81D7-49C6-9DF5-86E1C99CC08D}.Debug|Any CPU.ActiveCfg = Debug|Any CPU
		{C6041D5A-81D7-49C6-9DF5-86E1C99CC08D}.Debug|Any CPU.Build.0 = Debug|Any CPU
		{C6041D5A-81D7-49C6-9DF5-86E1C99CC08D}.Release|Any CPU.ActiveCfg = Release|Any CPU
		{C6041D5A-81D7-49C6-9DF5-86E1C99CC08D}.Release|Any CPU.Build.0 = Release|Any CPU
		{336E70DF-A9A5-43E6-B76D-A1B00BA83CBB}.Debug|Any CPU.ActiveCfg = Debug|Any CPU
		{336E70DF-A9A5-43E6-B76D-A1B00BA83CBB}.Debug|Any CPU.Build.0 = Debug|Any CPU
		{336E70DF-A9A5-43E6-B76D-A1B00BA83CBB}.Release|Any CPU.ActiveCfg = Release|Any CPU
		{336E70DF-A9A5-43E6-B76D-A1B00BA83CBB}.Release|Any CPU.Build.0 = Release|Any CPU
	EndGlobalSection
	GlobalSection(SolutionProperties) = preSolution
		HideSolutionNode = FALSE
	EndGlobalSection
	GlobalSection(NestedProjects) = preSolution
		{5034BE98-2BD7-4E17-A81C-39D0DFAB78E9} = {6F8E4D87-ACEC-4FF7-9AFF-E2ED7BD74677}
		{D3E5D338-D0F6-401B-BD90-61420A5ABE56} = {6F8E4D87-ACEC-4FF7-9AFF-E2ED7BD74677}
		{F41F00B1-3BC3-400F-A75B-C8F9DF6BC197} = {6F8E4D87-ACEC-4FF7-9AFF-E2ED7BD74677}
		{C786AA3E-0E4A-4EE8-A51F-551204C33D00} = {6F8E4D87-ACEC-4FF7-9AFF-E2ED7BD74677}
		{C6041D5A-81D7-49C6-9DF5-86E1C99CC08D} = {6F8E4D87-ACEC-4FF7-9AFF-E2ED7BD74677}
		{336E70DF-A9A5-43E6-B76D-A1B00BA83CBB} = {6F8E4D87-ACEC-4FF7-9AFF-E2ED7BD74677}
	EndGlobalSection
	GlobalSection(ExtensibilityGlobals) = postSolution
		SolutionGuid = {0EC8A58F-B6A1-4313-9B6F-A1E10D725A7E}
	EndGlobalSection
EndGlobal
